// !$*UTF8*$!
{
	archiveVersion = 1;
	classes = {
	};
	objectVersion = 56;
	objects = {

/* Begin PBXBuildFile section */
		7EF209102B45D9E500889B87 /* AppDelegate.swift in Sources */ = {isa = PBXBuildFile; fileRef = 7EF2090F2B45D9E500889B87 /* AppDelegate.swift */; };
		7EF209122B45D9E500889B87 /* SceneDelegate.swift in Sources */ = {isa = PBXBuildFile; fileRef = 7EF209112B45D9E500889B87 /* SceneDelegate.swift */; };
		7EF209142B45D9E500889B87 /* ViewController.swift in Sources */ = {isa = PBXBuildFile; fileRef = 7EF209132B45D9E500889B87 /* ViewController.swift */; };
		7EF209172B45D9E500889B87 /* Main.storyboard in Resources */ = {isa = PBXBuildFile; fileRef = 7EF209152B45D9E500889B87 /* Main.storyboard */; };
		7EF209192B45D9EA00889B87 /* Assets.xcassets in Resources */ = {isa = PBXBuildFile; fileRef = 7EF209182B45D9EA00889B87 /* Assets.xcassets */; };
		7EF2091C2B45D9EA00889B87 /* LaunchScreen.storyboard in Resources */ = {isa = PBXBuildFile; fileRef = 7EF2091A2B45D9EA00889B87 /* LaunchScreen.storyboard */; };
		7EF209272B45D9EB00889B87 /* TrafficSeguesTests.swift in Sources */ = {isa = PBXBuildFile; fileRef = 7EF209262B45D9EB00889B87 /* TrafficSeguesTests.swift */; };
		7EF209312B45D9EB00889B87 /* TrafficSeguesUITests.swift in Sources */ = {isa = PBXBuildFile; fileRef = 7EF209302B45D9EB00889B87 /* TrafficSeguesUITests.swift */; };
		7EF209332B45D9EB00889B87 /* TrafficSeguesUITestsLaunchTests.swift in Sources */ = {isa = PBXBuildFile; fileRef = 7EF209322B45D9EB00889B87 /* TrafficSeguesUITestsLaunchTests.swift */; };
/* End PBXBuildFile section */

/* Begin PBXContainerItemProxy section */
		7EF209232B45D9EB00889B87 /* PBXContainerItemProxy */ = {
			isa = PBXContainerItemProxy;
			containerPortal = 7EF209042B45D9E500889B87 /* Project object */;
			proxyType = 1;
			remoteGlobalIDString = 7EF2090B2B45D9E500889B87;
			remoteInfo = TrafficSegues;
		};
		7EF2092D2B45D9EB00889B87 /* PBXContainerItemProxy */ = {
			isa = PBXContainerItemProxy;
			containerPortal = 7EF209042B45D9E500889B87 /* Project object */;
			proxyType = 1;
			remoteGlobalIDString = 7EF2090B2B45D9E500889B87;
			remoteInfo = TrafficSegues;
		};
/* End PBXContainerItemProxy section */

/* Begin PBXFileReference section */
		7EF2090C2B45D9E500889B87 /* TrafficSegues.app */ = {isa = PBXFileReference; explicitFileType = wrapper.application; includeInIndex = 0; path = TrafficSegues.app; sourceTree = BUILT_PRODUCTS_DIR; };
		7EF2090F2B45D9E500889B87 /* AppDelegate.swift */ = {isa = PBXFileReference; lastKnownFileType = sourcecode.swift; path = AppDelegate.swift; sourceTree = "<group>"; };
		7EF209112B45D9E500889B87 /* SceneDelegate.swift */ = {isa = PBXFileReference; lastKnownFileType = sourcecode.swift; path = SceneDelegate.swift; sourceTree = "<group>"; };
		7EF209132B45D9E500889B87 /* ViewController.swift */ = {isa = PBXFileReference; lastKnownFileType = sourcecode.swift; path = ViewController.swift; sourceTree = "<group>"; };
		7EF209162B45D9E500889B87 /* Base */ = {isa = PBXFileReference; lastKnownFileType = file.storyboard; name = Base; path = Base.lproj/Main.storyboard; sourceTree = "<group>"; };
		7EF209182B45D9EA00889B87 /* Assets.xcassets */ = {isa = PBXFileReference; lastKnownFileType = folder.assetcatalog; path = Assets.xcassets; sourceTree = "<group>"; };
		7EF2091B2B45D9EA00889B87 /* Base */ = {isa = PBXFileReference; lastKnownFileType = file.storyboard; name = Base; path = Base.lproj/LaunchScreen.storyboard; sourceTree = "<group>"; };
		7EF2091D2B45D9EA00889B87 /* Info.plist */ = {isa = PBXFileReference; lastKnownFileType = text.plist.xml; path = Info.plist; sourceTree = "<group>"; };
		7EF209222B45D9EB00889B87 /* TrafficSeguesTests.xctest */ = {isa = PBXFileReference; explicitFileType = wrapper.cfbundle; includeInIndex = 0; path = TrafficSeguesTests.xctest; sourceTree = BUILT_PRODUCTS_DIR; };
		7EF209262B45D9EB00889B87 /* TrafficSeguesTests.swift */ = {isa = PBXFileReference; lastKnownFileType = sourcecode.swift; path = TrafficSeguesTests.swift; sourceTree = "<group>"; };
		7EF2092C2B45D9EB00889B87 /* TrafficSeguesUITests.xctest */ = {isa = PBXFileReference; explicitFileType = wrapper.cfbundle; includeInIndex = 0; path = TrafficSeguesUITests.xctest; sourceTree = BUILT_PRODUCTS_DIR; };
		7EF209302B45D9EB00889B87 /* TrafficSeguesUITests.swift */ = {isa = PBXFileReference; lastKnownFileType = sourcecode.swift; path = TrafficSeguesUITests.swift; sourceTree = "<group>"; };
		7EF209322B45D9EB00889B87 /* TrafficSeguesUITestsLaunchTests.swift */ = {isa = PBXFileReference; lastKnownFileType = sourcecode.swift; path = TrafficSeguesUITestsLaunchTests.swift; sourceTree = "<group>"; };
/* End PBXFileReference section */

/* Begin PBXFrameworksBuildPhase section */
		7EF209092B45D9E500889B87 /* Frameworks */ = {
			isa = PBXFrameworksBuildPhase;
			buildActionMask = 2147483647;
			files = (
			);
			runOnlyForDeploymentPostprocessing = 0;
		};
		7EF2091F2B45D9EB00889B87 /* Frameworks */ = {
			isa = PBXFrameworksBuildPhase;
			buildActionMask = 2147483647;
			files = (
			);
			runOnlyForDeploymentPostprocessing = 0;
		};
		7EF209292B45D9EB00889B87 /* Frameworks */ = {
			isa = PBXFrameworksBuildPhase;
			buildActionMask = 2147483647;
			files = (
			);
			runOnlyForDeploymentPostprocessing = 0;
		};
/* End PBXFrameworksBuildPhase section */

/* Begin PBXGroup section */
		7EF209032B45D9E500889B87 = {
			isa = PBXGroup;
			children = (
				7EF2090E2B45D9E500889B87 /* TrafficSegues */,
				7EF209252B45D9EB00889B87 /* TrafficSeguesTests */,
				7EF2092F2B45D9EB00889B87 /* TrafficSeguesUITests */,
				7EF2090D2B45D9E500889B87 /* Products */,
			);
			sourceTree = "<group>";
		};
		7EF2090D2B45D9E500889B87 /* Products */ = {
			isa = PBXGroup;
			children = (
				7EF2090C2B45D9E500889B87 /* TrafficSegues.app */,
				7EF209222B45D9EB00889B87 /* TrafficSeguesTests.xctest */,
				7EF2092C2B45D9EB00889B87 /* TrafficSeguesUITests.xctest */,
			);
			name = Products;
			sourceTree = "<group>";
		};
		7EF2090E2B45D9E500889B87 /* TrafficSegues */ = {
			isa = PBXGroup;
			children = (
				7EF2090F2B45D9E500889B87 /* AppDelegate.swift */,
				7EF209112B45D9E500889B87 /* SceneDelegate.swift */,
				7EF209132B45D9E500889B87 /* ViewController.swift */,
				7EF209152B45D9E500889B87 /* Main.storyboard */,
				7EF209182B45D9EA00889B87 /* Assets.xcassets */,
				7EF2091A2B45D9EA00889B87 /* LaunchScreen.storyboard */,
				7EF2091D2B45D9EA00889B87 /* Info.plist */,
			);
			path = TrafficSegues;
			sourceTree = "<group>";
		};
		7EF209252B45D9EB00889B87 /* TrafficSeguesTests */ = {
			isa = PBXGroup;
			children = (
				7EF209262B45D9EB00889B87 /* TrafficSeguesTests.swift */,
			);
			path = TrafficSeguesTests;
			sourceTree = "<group>";
		};
		7EF2092F2B45D9EB00889B87 /* TrafficSeguesUITests */ = {
			isa = PBXGroup;
			children = (
				7EF209302B45D9EB00889B87 /* TrafficSeguesUITests.swift */,
				7EF209322B45D9EB00889B87 /* TrafficSeguesUITestsLaunchTests.swift */,
			);
			path = TrafficSeguesUITests;
			sourceTree = "<group>";
		};
/* End PBXGroup section */

/* Begin PBXNativeTarget section */
		7EF2090B2B45D9E500889B87 /* TrafficSegues */ = {
			isa = PBXNativeTarget;
			buildConfigurationList = 7EF209362B45D9EB00889B87 /* Build configuration list for PBXNativeTarget "TrafficSegues" */;
			buildPhases = (
				7EF209082B45D9E500889B87 /* Sources */,
				7EF209092B45D9E500889B87 /* Frameworks */,
				7EF2090A2B45D9E500889B87 /* Resources */,
			);
			buildRules = (
			);
			dependencies = (
			);
			name = TrafficSegues;
			productName = TrafficSegues;
			productReference = 7EF2090C2B45D9E500889B87 /* TrafficSegues.app */;
			productType = "com.apple.product-type.application";
		};
		7EF209212B45D9EB00889B87 /* TrafficSeguesTests */ = {
			isa = PBXNativeTarget;
			buildConfigurationList = 7EF209392B45D9EB00889B87 /* Build configuration list for PBXNativeTarget "TrafficSeguesTests" */;
			buildPhases = (
				7EF2091E2B45D9EB00889B87 /* Sources */,
				7EF2091F2B45D9EB00889B87 /* Frameworks */,
				7EF209202B45D9EB00889B87 /* Resources */,
			);
			buildRules = (
			);
			dependencies = (
				7EF209242B45D9EB00889B87 /* PBXTargetDependency */,
			);
			name = TrafficSeguesTests;
			productName = TrafficSeguesTests;
			productReference = 7EF209222B45D9EB00889B87 /* TrafficSeguesTests.xctest */;
			productType = "com.apple.product-type.bundle.unit-test";
		};
		7EF2092B2B45D9EB00889B87 /* TrafficSeguesUITests */ = {
			isa = PBXNativeTarget;
			buildConfigurationList = 7EF2093C2B45D9EB00889B87 /* Build configuration list for PBXNativeTarget "TrafficSeguesUITests" */;
			buildPhases = (
				7EF209282B45D9EB00889B87 /* Sources */,
				7EF209292B45D9EB00889B87 /* Frameworks */,
				7EF2092A2B45D9EB00889B87 /* Resources */,
			);
			buildRules = (
			);
			dependencies = (
				7EF2092E2B45D9EB00889B87 /* PBXTargetDependency */,
			);
			name = TrafficSeguesUITests;
			productName = TrafficSeguesUITests;
			productReference = 7EF2092C2B45D9EB00889B87 /* TrafficSeguesUITests.xctest */;
			productType = "com.apple.product-type.bundle.ui-testing";
		};
/* End PBXNativeTarget section */

/* Begin PBXProject section */
		7EF209042B45D9E500889B87 /* Project object */ = {
			isa = PBXProject;
			attributes = {
				BuildIndependentTargetsInParallel = 1;
				LastSwiftUpdateCheck = 1420;
				LastUpgradeCheck = 1420;
				TargetAttributes = {
					7EF2090B2B45D9E500889B87 = {
						CreatedOnToolsVersion = 14.2;
					};
					7EF209212B45D9EB00889B87 = {
						CreatedOnToolsVersion = 14.2;
						TestTargetID = 7EF2090B2B45D9E500889B87;
					};
					7EF2092B2B45D9EB00889B87 = {
						CreatedOnToolsVersion = 14.2;
						TestTargetID = 7EF2090B2B45D9E500889B87;
					};
				};
			};
			buildConfigurationList = 7EF209072B45D9E500889B87 /* Build configuration list for PBXProject "TrafficSegues" */;
			compatibilityVersion = "Xcode 14.0";
			developmentRegion = en;
			hasScannedForEncodings = 0;
			knownRegions = (
				en,
				Base,
			);
			mainGroup = 7EF209032B45D9E500889B87;
			productRefGroup = 7EF2090D2B45D9E500889B87 /* Products */;
			projectDirPath = "";
			projectRoot = "";
			targets = (
				7EF2090B2B45D9E500889B87 /* TrafficSegues */,
				7EF209212B45D9EB00889B87 /* TrafficSeguesTests */,
				7EF2092B2B45D9EB00889B87 /* TrafficSeguesUITests */,
			);
		};
/* End PBXProject section */

/* Begin PBXResourcesBuildPhase section */
		7EF2090A2B45D9E500889B87 /* Resources */ = {
			isa = PBXResourcesBuildPhase;
			buildActionMask = 2147483647;
			files = (
				7EF2091C2B45D9EA00889B87 /* LaunchScreen.storyboard in Resources */,
				7EF209192B45D9EA00889B87 /* Assets.xcassets in Resources */,
				7EF209172B45D9E500889B87 /* Main.storyboard in Resources */,
			);
			runOnlyForDeploymentPostprocessing = 0;
		};
		7EF209202B45D9EB00889B87 /* Resources */ = {
			isa = PBXResourcesBuildPhase;
			buildActionMask = 2147483647;
			files = (
			);
			runOnlyForDeploymentPostprocessing = 0;
		};
		7EF2092A2B45D9EB00889B87 /* Resources */ = {
			isa = PBXResourcesBuildPhase;
			buildActionMask = 2147483647;
			files = (
			);
			runOnlyForDeploymentPostprocessing = 0;
		};
/* End PBXResourcesBuildPhase section */

/* Begin PBXSourcesBuildPhase section */
		7EF209082B45D9E500889B87 /* Sources */ = {
			isa = PBXSourcesBuildPhase;
			buildActionMask = 2147483647;
			files = (
				7EF209142B45D9E500889B87 /* ViewController.swift in Sources */,
				7EF209102B45D9E500889B87 /* AppDelegate.swift in Sources */,
				7EF209122B45D9E500889B87 /* SceneDelegate.swift in Sources */,
			);
			runOnlyForDeploymentPostprocessing = 0;
		};
		7EF2091E2B45D9EB00889B87 /* Sources */ = {
			isa = PBXSourcesBuildPhase;
			buildActionMask = 2147483647;
			files = (
				7EF209272B45D9EB00889B87 /* TrafficSeguesTests.swift in Sources */,
			);
			runOnlyForDeploymentPostprocessing = 0;
		};
		7EF209282B45D9EB00889B87 /* Sources */ = {
			isa = PBXSourcesBuildPhase;
			buildActionMask = 2147483647;
			files = (
				7EF209332B45D9EB00889B87 /* TrafficSeguesUITestsLaunchTests.swift in Sources */,
				7EF209312B45D9EB00889B87 /* TrafficSeguesUITests.swift in Sources */,
			);
			runOnlyForDeploymentPostprocessing = 0;
		};
/* End PBXSourcesBuildPhase section */

/* Begin PBXTargetDependency section */
		7EF209242B45D9EB00889B87 /* PBXTargetDependency */ = {
			isa = PBXTargetDependency;
			target = 7EF2090B2B45D9E500889B87 /* TrafficSegues */;
			targetProxy = 7EF209232B45D9EB00889B87 /* PBXContainerItemProxy */;
		};
		7EF2092E2B45D9EB00889B87 /* PBXTargetDependency */ = {
			isa = PBXTargetDependency;
			target = 7EF2090B2B45D9E500889B87 /* TrafficSegues */;
			targetProxy = 7EF2092D2B45D9EB00889B87 /* PBXContainerItemProxy */;
		};
/* End PBXTargetDependency section */

/* Begin PBXVariantGroup section */
		7EF209152B45D9E500889B87 /* Main.storyboard */ = {
			isa = PBXVariantGroup;
			children = (
				7EF209162B45D9E500889B87 /* Base */,
			);
			name = Main.storyboard;
			sourceTree = "<group>";
		};
		7EF2091A2B45D9EA00889B87 /* LaunchScreen.storyboard */ = {
			isa = PBXVariantGroup;
			children = (
				7EF2091B2B45D9EA00889B87 /* Base */,
			);
			name = LaunchScreen.storyboard;
			sourceTree = "<group>";
		};
/* End PBXVariantGroup section */

/* Begin XCBuildConfiguration section */
		7EF209342B45D9EB00889B87 /* Debug */ = {
			isa = XCBuildConfiguration;
			buildSettings = {
				ALWAYS_SEARCH_USER_PATHS = NO;
				CLANG_ANALYZER_NONNULL = YES;
				CLANG_ANALYZER_NUMBER_OBJECT_CONVERSION = YES_AGGRESSIVE;
				CLANG_CXX_LANGUAGE_STANDARD = "gnu++20";
				CLANG_ENABLE_MODULES = YES;
				CLANG_ENABLE_OBJC_ARC = YES;
				CLANG_ENABLE_OBJC_WEAK = YES;
				CLANG_WARN_BLOCK_CAPTURE_AUTORELEASING = YES;
				CLANG_WARN_BOOL_CONVERSION = YES;
				CLANG_WARN_COMMA = YES;
				CLANG_WARN_CONSTANT_CONVERSION = YES;
				CLANG_WARN_DEPRECATED_OBJC_IMPLEMENTATIONS = YES;
				CLANG_WARN_DIRECT_OBJC_ISA_USAGE = YES_ERROR;
				CLANG_WARN_DOCUMENTATION_COMMENTS = YES;
				CLANG_WARN_EMPTY_BODY = YES;
				CLANG_WARN_ENUM_CONVERSION = YES;
				CLANG_WARN_INFINITE_RECURSION = YES;
				CLANG_WARN_INT_CONVERSION = YES;
				CLANG_WARN_NON_LITERAL_NULL_CONVERSION = YES;
				CLANG_WARN_OBJC_IMPLICIT_RETAIN_SELF = YES;
				CLANG_WARN_OBJC_LITERAL_CONVERSION = YES;
				CLANG_WARN_OBJC_ROOT_CLASS = YES_ERROR;
				CLANG_WARN_QUOTED_INCLUDE_IN_FRAMEWORK_HEADER = YES;
				CLANG_WARN_RANGE_LOOP_ANALYSIS = YES;
				CLANG_WARN_STRICT_PROTOTYPES = YES;
				CLANG_WARN_SUSPICIOUS_MOVE = YES;
				CLANG_WARN_UNGUARDED_AVAILABILITY = YES_AGGRESSIVE;
				CLANG_WARN_UNREACHABLE_CODE = YES;
				CLANG_WARN__DUPLICATE_METHOD_MATCH = YES;
				COPY_PHASE_STRIP = NO;
				DEBUG_INFORMATION_FORMAT = dwarf;
				ENABLE_STRICT_OBJC_MSGSEND = YES;
				ENABLE_TESTABILITY = YES;
				GCC_C_LANGUAGE_STANDARD = gnu11;
				GCC_DYNAMIC_NO_PIC = NO;
				GCC_NO_COMMON_BLOCKS = YES;
				GCC_OPTIMIZATION_LEVEL = 0;
				GCC_PREPROCESSOR_DEFINITIONS = (
					"DEBUG=1",
					"$(inherited)",
				);
				GCC_WARN_64_TO_32_BIT_CONVERSION = YES;
				GCC_WARN_ABOUT_RETURN_TYPE = YES_ERROR;
				GCC_WARN_UNDECLARED_SELECTOR = YES;
				GCC_WARN_UNINITIALIZED_AUTOS = YES_AGGRESSIVE;
				GCC_WARN_UNUSED_FUNCTION = YES;
				GCC_WARN_UNUSED_VARIABLE = YES;
				IPHONEOS_DEPLOYMENT_TARGET = 16.2;
				MTL_ENABLE_DEBUG_INFO = INCLUDE_SOURCE;
				MTL_FAST_MATH = YES;
				ONLY_ACTIVE_ARCH = YES;
				SDKROOT = iphoneos;
				SWIFT_ACTIVE_COMPILATION_CONDITIONS = DEBUG;
				SWIFT_OPTIMIZATION_LEVEL = "-Onone";
			};
			name = Debug;
		};
		7EF209352B45D9EB00889B87 /* Release */ = {
			isa = XCBuildConfiguration;
			buildSettings = {
				ALWAYS_SEARCH_USER_PATHS = NO;
				CLANG_ANALYZER_NONNULL = YES;
				CLANG_ANALYZER_NUMBER_OBJECT_CONVERSION = YES_AGGRESSIVE;
				CLANG_CXX_LANGUAGE_STANDARD = "gnu++20";
				CLANG_ENABLE_MODULES = YES;
				CLANG_ENABLE_OBJC_ARC = YES;
				CLANG_ENABLE_OBJC_WEAK = YES;
				CLANG_WARN_BLOCK_CAPTURE_AUTORELEASING = YES;
				CLANG_WARN_BOOL_CONVERSION = YES;
				CLANG_WARN_COMMA = YES;
				CLANG_WARN_CONSTANT_CONVERSION = YES;
				CLANG_WARN_DEPRECATED_OBJC_IMPLEMENTATIONS = YES;
				CLANG_WARN_DIRECT_OBJC_ISA_USAGE = YES_ERROR;
				CLANG_WARN_DOCUMENTATION_COMMENTS = YES;
				CLANG_WARN_EMPTY_BODY = YES;
				CLANG_WARN_ENUM_CONVERSION = YES;
				CLANG_WARN_INFINITE_RECURSION = YES;
				CLANG_WARN_INT_CONVERSION = YES;
				CLANG_WARN_NON_LITERAL_NULL_CONVERSION = YES;
				CLANG_WARN_OBJC_IMPLICIT_RETAIN_SELF = YES;
				CLANG_WARN_OBJC_LITERAL_CONVERSION = YES;
				CLANG_WARN_OBJC_ROOT_CLASS = YES_ERROR;
				CLANG_WARN_QUOTED_INCLUDE_IN_FRAMEWORK_HEADER = YES;
				CLANG_WARN_RANGE_LOOP_ANALYSIS = YES;
				CLANG_WARN_STRICT_PROTOTYPES = YES;
				CLANG_WARN_SUSPICIOUS_MOVE = YES;
				CLANG_WARN_UNGUARDED_AVAILABILITY = YES_AGGRESSIVE;
				CLANG_WARN_UNREACHABLE_CODE = YES;
				CLANG_WARN__DUPLICATE_METHOD_MATCH = YES;
				COPY_PHASE_STRIP = NO;
				DEBUG_INFORMATION_FORMAT = "dwarf-with-dsym";
				ENABLE_NS_ASSERTIONS = NO;
				ENABLE_STRICT_OBJC_MSGSEND = YES;
				GCC_C_LANGUAGE_STANDARD = gnu11;
				GCC_NO_COMMON_BLOCKS = YES;
				GCC_WARN_64_TO_32_BIT_CONVERSION = YES;
				GCC_WARN_ABOUT_RETURN_TYPE = YES_ERROR;
				GCC_WARN_UNDECLARED_SELECTOR = YES;
				GCC_WARN_UNINITIALIZED_AUTOS = YES_AGGRESSIVE;
				GCC_WARN_UNUSED_FUNCTION = YES;
				GCC_WARN_UNUSED_VARIABLE = YES;
				IPHONEOS_DEPLOYMENT_TARGET = 16.2;
				MTL_ENABLE_DEBUG_INFO = NO;
				MTL_FAST_MATH = YES;
				SDKROOT = iphoneos;
				SWIFT_COMPILATION_MODE = wholemodule;
				SWIFT_OPTIMIZATION_LEVEL = "-O";
				VALIDATE_PRODUCT = YES;
			};
			name = Release;
		};
		7EF209372B45D9EB00889B87 /* Debug */ = {
			isa = XCBuildConfiguration;
			buildSettings = {
				ASSETCATALOG_COMPILER_APPICON_NAME = AppIcon;
				ASSETCATALOG_COMPILER_GLOBAL_ACCENT_COLOR_NAME = AccentColor;
				CODE_SIGN_STYLE = Automatic;
				CURRENT_PROJECT_VERSION = 1;
				GENERATE_INFOPLIST_FILE = YES;
				INFOPLIST_FILE = TrafficSegues/Info.plist;
				INFOPLIST_KEY_UIApplicationSupportsIndirectInputEvents = YES;
				INFOPLIST_KEY_UILaunchStoryboardName = LaunchScreen;
				INFOPLIST_KEY_UIMainStoryboardFile = Main;
				INFOPLIST_KEY_UISupportedInterfaceOrientations_iPad = "UIInterfaceOrientationPortrait UIInterfaceOrientationPortraitUpsideDown UIInterfaceOrientationLandscapeLeft UIInterfaceOrientationLandscapeRight";
				INFOPLIST_KEY_UISupportedInterfaceOrientations_iPhone = "UIInterfaceOrientationPortrait UIInterfaceOrientationLandscapeLeft UIInterfaceOrientationLandscapeRight";
				LD_RUNPATH_SEARCH_PATHS = (
					"$(inherited)",
					"@executable_path/Frameworks",
				);
				MARKETING_VERSION = 1.0;
				PRODUCT_BUNDLE_IDENTIFIER = com.Jose.TrafficSegues;
				PRODUCT_NAME = "$(TARGET_NAME)";
				SWIFT_EMIT_LOC_STRINGS = YES;
				SWIFT_VERSION = 5.0;
				TARGETED_DEVICE_FAMILY = "1,2";
			};
			name = Debug;
		};
		7EF209382B45D9EB00889B87 /* Release */ = {
			isa = XCBuildConfiguration;
			buildSettings = {
				ASSETCATALOG_COMPILER_APPICON_NAME = AppIcon;
				ASSETCATALOG_COMPILER_GLOBAL_ACCENT_COLOR_NAME = AccentColor;
				CODE_SIGN_STYLE = Automatic;
				CURRENT_PROJECT_VERSION = 1;
				GENERATE_INFOPLIST_FILE = YES;
				INFOPLIST_FILE = TrafficSegues/Info.plist;
				INFOPLIST_KEY_UIApplicationSupportsIndirectInputEvents = YES;
				INFOPLIST_KEY_UILaunchStoryboardName = LaunchScreen;
				INFOPLIST_KEY_UIMainStoryboardFile = Main;
				INFOPLIST_KEY_UISupportedInterfaceOrientations_iPad = "UIInterfaceOrientationPortrait UIInterfaceOrientationPortraitUpsideDown UIInterfaceOrientationLandscapeLeft UIInterfaceOrientationLandscapeRight";
				INFOPLIST_KEY_UISupportedInterfaceOrientations_iPhone = "UIInterfaceOrientationPortrait UIInterfaceOrientationLandscapeLeft UIInterfaceOrientationLandscapeRight";
				LD_RUNPATH_SEARCH_PATHS = (
					"$(inherited)",
					"@executable_path/Frameworks",
				);
				MARKETING_VERSION = 1.0;
				PRODUCT_BUNDLE_IDENTIFIER = com.Jose.TrafficSegues;
				PRODUCT_NAME = "$(TARGET_NAME)";
				SWIFT_EMIT_LOC_STRINGS = YES;
				SWIFT_VERSION = 5.0;
				TARGETED_DEVICE_FAMILY = "1,2";
			};
			name = Release;
		};
		7EF2093A2B45D9EB00889B87 /* Debug */ = {
			isa = XCBuildConfiguration;
			buildSettings = {
				ALWAYS_EMBED_SWIFT_STANDARD_LIBRARIES = YES;
				BUNDLE_LOADER = "$(TEST_HOST)";
				CODE_SIGN_STYLE = Automatic;
				CURRENT_PROJECT_VERSION = 1;
				GENERATE_INFOPLIST_FILE = YES;
				IPHONEOS_DEPLOYMENT_TARGET = 16.2;
				MARKETING_VERSION = 1.0;
				PRODUCT_BUNDLE_IDENTIFIER = com.Jose.TrafficSeguesTests;
				PRODUCT_NAME = "$(TARGET_NAME)";
				SWIFT_EMIT_LOC_STRINGS = NO;
				SWIFT_VERSION = 5.0;
				TARGETED_DEVICE_FAMILY = "1,2";
				TEST_HOST = "$(BUILT_PRODUCTS_DIR)/TrafficSegues.app/$(BUNDLE_EXECUTABLE_FOLDER_PATH)/TrafficSegues";
			};
			name = Debug;
		};
		7EF2093B2B45D9EB00889B87 /* Release */ = {
			isa = XCBuildConfiguration;
			buildSettings = {
				ALWAYS_EMBED_SWIFT_STANDARD_LIBRARIES = YES;
				BUNDLE_LOADER = "$(TEST_HOST)";
				CODE_SIGN_STYLE = Automatic;
				CURRENT_PROJECT_VERSION = 1;
				GENERATE_INFOPLIST_FILE = YES;
				IPHONEOS_DEPLOYMENT_TARGET = 16.2;
				MARKETING_VERSION = 1.0;
				PRODUCT_BUNDLE_IDENTIFIER = com.Jose.TrafficSeguesTests;
				PRODUCT_NAME = "$(TARGET_NAME)";
				SWIFT_EMIT_LOC_STRINGS = NO;
				SWIFT_VERSION = 5.0;
				TARGETED_DEVICE_FAMILY = "1,2";
				TEST_HOST = "$(BUILT_PRODUCTS_DIR)/TrafficSegues.app/$(BUNDLE_EXECUTABLE_FOLDER_PATH)/TrafficSegues";
			};
			name = Release;
		};
		7EF2093D2B45D9EB00889B87 /* Debug */ = {
			isa = XCBuildConfiguration;
			buildSettings = {
				ALWAYS_EMBED_SWIFT_STANDARD_LIBRARIES = YES;
				CODE_SIGN_STYLE = Automatic;
				CURRENT_PROJECT_VERSION = 1;
				GENERATE_INFOPLIST_FILE = YES;
				MARKETING_VERSION = 1.0;
				PRODUCT_BUNDLE_IDENTIFIER = com.Jose.TrafficSeguesUITests;
				PRODUCT_NAME = "$(TARGET_NAME)";
				SWIFT_EMIT_LOC_STRINGS = NO;
				SWIFT_VERSION = 5.0;
				TARGETED_DEVICE_FAMILY = "1,2";
				TEST_TARGET_NAME = TrafficSegues;
			};
			name = Debug;
		};
		7EF2093E2B45D9EB00889B87 /* Release */ = {
			isa = XCBuildConfiguration;
			buildSettings = {
				ALWAYS_EMBED_SWIFT_STANDARD_LIBRARIES = YES;
				CODE_SIGN_STYLE = Automatic;
				CURRENT_PROJECT_VERSION = 1;
				GENERATE_INFOPLIST_FILE = YES;
				MARKETING_VERSION = 1.0;
				PRODUCT_BUNDLE_IDENTIFIER = com.Jose.TrafficSeguesUITests;
				PRODUCT_NAME = "$(TARGET_NAME)";
				SWIFT_EMIT_LOC_STRINGS = NO;
				SWIFT_VERSION = 5.0;
				TARGETED_DEVICE_FAMILY = "1,2";
				TEST_TARGET_NAME = TrafficSegues;
			};
			name = Release;
		};
/* End XCBuildConfiguration section */

/* Begin XCConfigurationList section */
		7EF209072B45D9E500889B87 /* Build configuration list for PBXProject "TrafficSegues" */ = {
			isa = XCConfigurationList;
			buildConfigurations = (
				7EF209342B45D9EB00889B87 /* Debug */,
				7EF209352B45D9EB00889B87 /* Release */,
			);
			defaultConfigurationIsVisible = 0;
			defaultConfigurationName = Release;
		};
		7EF209362B45D9EB00889B87 /* Build configuration list for PBXNativeTarget "TrafficSegues" */ = {
			isa = XCConfigurationList;
			buildConfigurations = (
				7EF209372B45D9EB00889B87 /* Debug */,
				7EF209382B45D9EB00889B87 /* Release */,
			);
			defaultConfigurationIsVisible = 0;
			defaultConfigurationName = Release;
		};
		7EF209392B45D9EB00889B87 /* Build configuration list for PBXNativeTarget "TrafficSeguesTests" */ = {
			isa = XCConfigurationList;
			buildConfigurations = (
				7EF2093A2B45D9EB00889B87 /* Debug */,
				7EF2093B2B45D9EB00889B87 /* Release */,
			);
			defaultConfigurationIsVisible = 0;
			defaultConfigurationName = Release;
		};
		7EF2093C2B45D9EB00889B87 /* Build configuration list for PBXNativeTarget "TrafficSeguesUITests" */ = {
			isa = XCConfigurationList;
			buildConfigurations = (
				7EF2093D2B45D9EB00889B87 /* Debug */,
				7EF2093E2B45D9EB00889B87 /* Release */,
			);
			defaultConfigurationIsVisible = 0;
			defaultConfigurationName = Release;
		};
/* End XCConfigurationList section */
	};
	rootObject = 7EF209042B45D9E500889B87 /* Project object */;
}
